// !$*UTF8*$!
{
	archiveVersion = 1;
	classes = {
	};
	objectVersion = 77;
	objects = {

/* Begin PBXBuildFile section */
		12D43261C12FC692BD8CB1EC /* Cocoa.framework in Frameworks */ = {isa = PBXBuildFile; fileRef = 724FBA73B885EDFEB9248F0A /* Cocoa.framework */; };
		25BCE7D96B7A11609419AA17 /* main.swift in Sources */ = {isa = PBXBuildFile; fileRef = F42346E76C58A746C6FC3056 /* main.swift */; };
		830299A6F94AC2A7F6F1A748 /* LaTeXDetector.swift in Sources */ = {isa = PBXBuildFile; fileRef = 58303F442A1DB66FF9712BEF /* LaTeXDetector.swift */; };
		845E18B3F3DD4D250DEA68BE /* ControlProtocol.swift in Sources */ = {isa = PBXBuildFile; fileRef = 5F5490CD0233B73745FB519F /* ControlProtocol.swift */; };
		8E39B3EB6E5CCDD2B01A80E9 /* LaTeXReadableTests.swift in Sources */ = {isa = PBXBuildFile; fileRef = 2309BFE1D4C333D220190768 /* LaTeXReadableTests.swift */; };
		A1996693AACFF2079350568B /* latexterm in Embed latexterm CLI */ = {isa = PBXBuildFile; fileRef = 3C6EE11AF5CEA3FC69B0099C /* latexterm */; settings = {ATTRIBUTES = (CodeSignOnCopy, ); }; };
		AA00000000000000000000B0 /* SwiftTerm in Frameworks */ = {isa = PBXBuildFile; productRef = AA00000000000000000000A1 /* SwiftTerm */; };
		D75D4BE25F948E58E7452A4A /* LaTeXReadable.swift in Sources */ = {isa = PBXBuildFile; fileRef = 87B17461A01627511CE814CD /* LaTeXReadable.swift */; };
		E353DA6194B0929725C7266C /* LaTeXDetectorTests.swift in Sources */ = {isa = PBXBuildFile; fileRef = 977EED528F0310FA6EFC07B0 /* LaTeXDetectorTests.swift */; };
/* End PBXBuildFile section */

/* Begin PBXContainerItemProxy section */
		6C5E5631821305C7092F4FC1 /* PBXContainerItemProxy */ = {
			isa = PBXContainerItemProxy;
			containerPortal = AA0000000000000000000001 /* Project object */;
			proxyType = 1;
			remoteGlobalIDString = E497D94EC4CBE101C956AD14;
			remoteInfo = LatexTermCLI;
		};
/* End PBXContainerItemProxy section */

/* Begin PBXCopyFilesBuildPhase section */
		1B92938D0A84CDCEAA4FF395 /* Embed latexterm CLI */ = {
			isa = PBXCopyFilesBuildPhase;
			buildActionMask = 2147483647;
			dstPath = Contents/Helpers;
			dstSubfolderSpec = 1;
			files = (
				A1996693AACFF2079350568B /* latexterm in Embed latexterm CLI */,
			);
			name = "Embed latexterm CLI";
			runOnlyForDeploymentPostprocessing = 0;
		};
/* End PBXCopyFilesBuildPhase section */

/* Begin PBXFileReference section */
		2309BFE1D4C333D220190768 /* LaTeXReadableTests.swift */ = {isa = PBXFileReference; includeInIndex = 1; lastKnownFileType = sourcecode.swift; name = LaTeXReadableTests.swift; path = LatexTermTests/LaTeXReadableTests.swift; sourceTree = SOURCE_ROOT; };
		3C6EE11AF5CEA3FC69B0099C /* latexterm */ = {isa = PBXFileReference; includeInIndex = 0; path = latexterm; sourceTree = BUILT_PRODUCTS_DIR; };
		58303F442A1DB66FF9712BEF /* LaTeXDetector.swift */ = {isa = PBXFileReference; includeInIndex = 1; lastKnownFileType = sourcecode.swift; name = LaTeXDetector.swift; path = LatexTerm/Latex/LaTeXDetector.swift; sourceTree = SOURCE_ROOT; };
		5F5490CD0233B73745FB519F /* ControlProtocol.swift */ = {isa = PBXFileReference; includeInIndex = 1; lastKnownFileType = sourcecode.swift; name = ControlProtocol.swift; path = LatexTerm/Control/ControlProtocol.swift; sourceTree = SOURCE_ROOT; };
		66C689C563433BB1012D7F6E /* LatexTermTests.xctest */ = {isa = PBXFileReference; explicitFileType = wrapper.cfbundle; includeInIndex = 0; path = LatexTermTests.xctest; sourceTree = BUILT_PRODUCTS_DIR; };
		724FBA73B885EDFEB9248F0A /* Cocoa.framework */ = {isa = PBXFileReference; lastKnownFileType = wrapper.framework; name = Cocoa.framework; path = Platforms/MacOSX.platform/Developer/SDKs/MacOSX15.0.sdk/System/Library/Frameworks/Cocoa.framework; sourceTree = DEVELOPER_DIR; };
		87B17461A01627511CE814CD /* LaTeXReadable.swift */ = {isa = PBXFileReference; includeInIndex = 1; lastKnownFileType = sourcecode.swift; name = LaTeXReadable.swift; path = LatexTerm/Latex/LaTeXReadable.swift; sourceTree = SOURCE_ROOT; };
		977EED528F0310FA6EFC07B0 /* LaTeXDetectorTests.swift */ = {isa = PBXFileReference; includeInIndex = 1; lastKnownFileType = sourcecode.swift; name = LaTeXDetectorTests.swift; path = LatexTermTests/LaTeXDetectorTests.swift; sourceTree = SOURCE_ROOT; };
		AA0000000000000000000006 /* LatexTerm.app */ = {isa = PBXFileReference; explicitFileType = wrapper.application; includeInIndex = 0; path = LatexTerm.app; sourceTree = BUILT_PRODUCTS_DIR; };
		F42346E76C58A746C6FC3056 /* main.swift */ = {isa = PBXFileReference; includeInIndex = 1; lastKnownFileType = sourcecode.swift; name = main.swift; path = LatexTermCLI/main.swift; sourceTree = SOURCE_ROOT; };
/* End PBXFileReference section */

/* Begin PBXFileSystemSynchronizedBuildFileExceptionSet section */
		AA0000000000000000000013 /* Exceptions for "LatexTerm" folder in "LatexTerm" target */ = {
			isa = PBXFileSystemSynchronizedBuildFileExceptionSet;
			membershipExceptions = (
				Info.plist,
			);
			target = AA0000000000000000000005 /* LatexTerm */;
		};
/* End PBXFileSystemSynchronizedBuildFileExceptionSet section */

/* Begin PBXFileSystemSynchronizedRootGroup section */
		AA0000000000000000000004 /* LatexTerm */ = {
			isa = PBXFileSystemSynchronizedRootGroup;
			exceptions = (
				AA0000000000000000000013 /* Exceptions for "LatexTerm" folder in "LatexTerm" target */,
			);
			path = LatexTerm;
			sourceTree = "<group>";
		};
/* End PBXFileSystemSynchronizedRootGroup section */

/* Begin PBXFrameworksBuildPhase section */
		AA0000000000000000000008 /* Frameworks */ = {
			isa = PBXFrameworksBuildPhase;
			buildActionMask = 2147483647;
			files = (
				AA00000000000000000000B0 /* SwiftTerm in Frameworks */,
			);
			runOnlyForDeploymentPostprocessing = 0;
		};
		C8B4223CB4949530E70CF06F /* Frameworks */ = {
			isa = PBXFrameworksBuildPhase;
			buildActionMask = 2147483647;
			files = (
				12D43261C12FC692BD8CB1EC /* Cocoa.framework in Frameworks */,
			);
			runOnlyForDeploymentPostprocessing = 0;
		};
/* End PBXFrameworksBuildPhase section */

/* Begin PBXGroup section */
		6E7F4706CF1642301E8E2749 /* LatexTermTests */ = {
			isa = PBXGroup;
			children = (
				977EED528F0310FA6EFC07B0 /* LaTeXDetectorTests.swift */,
				2309BFE1D4C333D220190768 /* LaTeXReadableTests.swift */,
				58303F442A1DB66FF9712BEF /* LaTeXDetector.swift */,
				87B17461A01627511CE814CD /* LaTeXReadable.swift */,
			);
			name = LatexTermTests;
			sourceTree = SOURCE_ROOT;
		};
		9159005B36E154335674B7FB /* OS X */ = {
			isa = PBXGroup;
			children = (
				724FBA73B885EDFEB9248F0A /* Cocoa.framework */,
			);
			name = "OS X";
			sourceTree = "<group>";
		};
		AA0000000000000000000002 = {
			isa = PBXGroup;
			children = (
				AA0000000000000000000004 /* LatexTerm */,
				AA0000000000000000000003 /* Products */,
				6E7F4706CF1642301E8E2749 /* LatexTermTests */,
				B51554B9CD760B0F35164496 /* Frameworks */,
				C02E73BF88DD5C18F13B924B /* LatexTermCLI */,
			);
			sourceTree = "<group>";
		};
		AA0000000000000000000003 /* Products */ = {
			isa = PBXGroup;
			children = (
				AA0000000000000000000006 /* LatexTerm.app */,
				66C689C563433BB1012D7F6E /* LatexTermTests.xctest */,
				3C6EE11AF5CEA3FC69B0099C /* latexterm */,
			);
			name = Products;
			sourceTree = "<group>";
		};
		B51554B9CD760B0F35164496 /* Frameworks */ = {
			isa = PBXGroup;
			children = (
				9159005B36E154335674B7FB /* OS X */,
			);
			name = Frameworks;
			sourceTree = "<group>";
		};
		C02E73BF88DD5C18F13B924B /* LatexTermCLI */ = {
			isa = PBXGroup;
			children = (
				F42346E76C58A746C6FC3056 /* main.swift */,
				5F5490CD0233B73745FB519F /* ControlProtocol.swift */,
			);
			name = LatexTermCLI;
			sourceTree = SOURCE_ROOT;
		};
/* End PBXGroup section */

/* Begin PBXNativeTarget section */
		6FB03075DCB03BF0B9F6AA6C /* LatexTermTests */ = {
			isa = PBXNativeTarget;
			buildConfigurationList = 636311459070E7E87AEF4B69 /* Build configuration list for PBXNativeTarget "LatexTermTests" */;
			buildPhases = (
				217AE24887AEE37A47739927 /* Sources */,
			);
			buildRules = (
			);
			dependencies = (
			);
			name = LatexTermTests;
			productName = LatexTermTests;
			productReference = 66C689C563433BB1012D7F6E /* LatexTermTests.xctest */;
			productType = "com.apple.product-type.bundle.unit-test";
		};
		AA0000000000000000000005 /* LatexTerm */ = {
			isa = PBXNativeTarget;
			buildConfigurationList = AA000000000000000000000D /* Build configuration list for PBXNativeTarget "LatexTerm" */;
			buildPhases = (
				AA0000000000000000000007 /* Sources */,
				AA0000000000000000000008 /* Frameworks */,
				AA0000000000000000000009 /* Resources */,
				1B92938D0A84CDCEAA4FF395 /* Embed latexterm CLI */,
			);
			buildRules = (
			);
			dependencies = (
				53CF9485899AB739BB1AC837 /* PBXTargetDependency */,
			);
			fileSystemSynchronizedGroups = (
				AA0000000000000000000004 /* LatexTerm */,
			);
			name = LatexTerm;
			packageProductDependencies = (
				AA00000000000000000000A1 /* SwiftTerm */,
			);
			productName = LatexTerm;
			productReference = AA0000000000000000000006 /* LatexTerm.app */;
			productType = "com.apple.product-type.application";
		};
		E497D94EC4CBE101C956AD14 /* LatexTermCLI */ = {
			isa = PBXNativeTarget;
			buildConfigurationList = B74045D77A203C3F67B27D33 /* Build configuration list for PBXNativeTarget "LatexTermCLI" */;
			buildPhases = (
				0FB43BD8F59C77B19F3F5C37 /* Sources */,
				C8B4223CB4949530E70CF06F /* Frameworks */,
				18A92B560947FDFED4BA5703 /* Resources */,
			);
			buildRules = (
			);
			dependencies = (
			);
			name = LatexTermCLI;
			productName = LatexTermCLI;
			productReference = 3C6EE11AF5CEA3FC69B0099C /* latexterm */;
			productType = "com.apple.product-type.tool";
		};
/* End PBXNativeTarget section */

/* Begin PBXProject section */
		AA0000000000000000000001 /* Project object */ = {
			isa = PBXProject;
			attributes = {
				BuildIndependentTargetsInParallel = 1;
				LastSwiftUpdateCheck = 2620;
				LastUpgradeCheck = 2620;
				TargetAttributes = {
					AA0000000000000000000005 = {
						CreatedOnToolsVersion = 26.2;
					};
					E497D94EC4CBE101C956AD14 = {
						SuppressBuildableAutocreation = YES;
					};
				};
			};
			buildConfigurationList = AA000000000000000000000A /* Build configuration list for PBXProject "LatexTerm" */;
			developmentRegion = en;
			hasScannedForEncodings = 0;
			knownRegions = (
				en,
				Base,
			);
			mainGroup = AA0000000000000000000002;
			minimizedProjectReferenceProxies = 1;
			packageReferences = (
				AA00000000000000000000A0 /* XCLocalSwiftPackageReference "SwiftTermLocal" */,
			);
			preferredProjectObjectVersion = 77;
			productRefGroup = AA0000000000000000000003 /* Products */;
			projectDirPath = "";
			projectRoot = "";
			targets = (
				AA0000000000000000000005 /* LatexTerm */,
				6FB03075DCB03BF0B9F6AA6C /* LatexTermTests */,
				E497D94EC4CBE101C956AD14 /* LatexTermCLI */,
			);
		};
/* End PBXProject section */

/* Begin PBXResourcesBuildPhase section */
		18A92B560947FDFED4BA5703 /* Resources */ = {
			isa = PBXResourcesBuildPhase;
			buildActionMask = 2147483647;
			files = (
			);
			runOnlyForDeploymentPostprocessing = 0;
		};
		AA0000000000000000000009 /* Resources */ = {
			isa = PBXResourcesBuildPhase;
			buildActionMask = 2147483647;
			files = (
			);
			runOnlyForDeploymentPostprocessing = 0;
		};
/* End PBXResourcesBuildPhase section */

/* Begin PBXSourcesBuildPhase section */
		0FB43BD8F59C77B19F3F5C37 /* Sources */ = {
			isa = PBXSourcesBuildPhase;
			buildActionMask = 2147483647;
			files = (
				25BCE7D96B7A11609419AA17 /* main.swift in Sources */,
				845E18B3F3DD4D250DEA68BE /* ControlProtocol.swift in Sources */,
			);
			runOnlyForDeploymentPostprocessing = 0;
		};
		217AE24887AEE37A47739927 /* Sources */ = {
			isa = PBXSourcesBuildPhase;
			buildActionMask = 2147483647;
			files = (
				E353DA6194B0929725C7266C /* LaTeXDetectorTests.swift in Sources */,
				8E39B3EB6E5CCDD2B01A80E9 /* LaTeXReadableTests.swift in Sources */,
				830299A6F94AC2A7F6F1A748 /* LaTeXDetector.swift in Sources */,
				D75D4BE25F948E58E7452A4A /* LaTeXReadable.swift in Sources */,
			);
			runOnlyForDeploymentPostprocessing = 0;
		};
		AA0000000000000000000007 /* Sources */ = {
			isa = PBXSourcesBuildPhase;
			buildActionMask = 2147483647;
			files = (
			);
			runOnlyForDeploymentPostprocessing = 0;
		};
/* End PBXSourcesBuildPhase section */

/* Begin PBXTargetDependency section */
		53CF9485899AB739BB1AC837 /* PBXTargetDependency */ = {
			isa = PBXTargetDependency;
			name = LatexTermCLI;
			target = E497D94EC4CBE101C956AD14 /* LatexTermCLI */;
			targetProxy = 6C5E5631821305C7092F4FC1 /* PBXContainerItemProxy */;
		};
/* End PBXTargetDependency section */

/* Begin XCBuildConfiguration section */
		3A57500A3E6BD91D7ED4CD09 /* Debug */ = {
			isa = XCBuildConfiguration;
			buildSettings = {
				CODE_SIGNING_ALLOWED = NO;
				MACOSX_DEPLOYMENT_TARGET = 14.0;
				PRODUCT_MODULE_NAME = LatexTermCLI;
				PRODUCT_NAME = latexterm;
				SDKROOT = macosx;
				SKIP_INSTALL = YES;
				SWIFT_EMIT_LOC_STRINGS = NO;
				SWIFT_VERSION = 5.0;
			};
			name = Debug;
		};
		485540E8E227B582CACD4DDE /* Debug */ = {
			isa = XCBuildConfiguration;
			buildSettings = {
				CODE_SIGNING_ALLOWED = NO;
				GENERATE_INFOPLIST_FILE = YES;
				MACOSX_DEPLOYMENT_TARGET = 14.0;
				PRODUCT_BUNDLE_IDENTIFIER = com.mats.LatexTermTests;
				PRODUCT_NAME = "$(TARGET_NAME)";
				SDKROOT = macosx;
				SWIFT_EMIT_LOC_STRINGS = NO;
				SWIFT_VERSION = 5.0;
			};
			name = Debug;
		};
		5BF0ADAB67E52B3AFA396175 /* Release */ = {
			isa = XCBuildConfiguration;
			buildSettings = {
				CODE_SIGNING_ALLOWED = NO;
				GENERATE_INFOPLIST_FILE = YES;
				MACOSX_DEPLOYMENT_TARGET = 14.0;
				PRODUCT_BUNDLE_IDENTIFIER = com.mats.LatexTermTests;
				PRODUCT_NAME = "$(TARGET_NAME)";
				SDKROOT = macosx;
				SWIFT_EMIT_LOC_STRINGS = NO;
				SWIFT_VERSION = 5.0;
			};
			name = Release;
		};
		AA000000000000000000000B /* Debug */ = {
			isa = XCBuildConfiguration;
			buildSettings = {
				ALWAYS_SEARCH_USER_PATHS = NO;
				ASSETCATALOG_COMPILER_GENERATE_SWIFT_ASSET_SYMBOL_EXTENSIONS = YES;
				CLANG_ANALYZER_NONNULL = YES;
				CLANG_ANALYZER_NUMBER_OBJECT_CONVERSION = YES_AGGRESSIVE;
				CLANG_ENABLE_MODULES = YES;
				CLANG_ENABLE_OBJC_ARC = YES;
				CLANG_ENABLE_OBJC_WEAK = YES;
				COPY_PHASE_STRIP = NO;
				DEBUG_INFORMATION_FORMAT = dwarf;
				ENABLE_STRICT_OBJC_MSGSEND = YES;
				ENABLE_TESTABILITY = YES;
				ENABLE_USER_SCRIPT_SANDBOXING = YES;
				GCC_C_LANGUAGE_STANDARD = gnu17;
				GCC_DYNAMIC_NO_PIC = NO;
				GCC_NO_COMMON_BLOCKS = YES;
				GCC_OPTIMIZATION_LEVEL = 0;
				GCC_PREPROCESSOR_DEFINITIONS = (
					"DEBUG=1",
					"$(inherited)",
				);
				LOCALIZATION_PREFERS_STRING_CATALOGS = YES;
				MACOSX_DEPLOYMENT_TARGET = 14.0;
				MTL_ENABLE_DEBUG_INFO = INCLUDE_SOURCE;
				MTL_FAST_MATH = YES;
				ONLY_ACTIVE_ARCH = YES;
				SDKROOT = macosx;
				SWIFT_ACTIVE_COMPILATION_CONDITIONS = "DEBUG $(inherited)";
				SWIFT_OPTIMIZATION_LEVEL = "-Onone";
			};
			name = Debug;
		};
		AA000000000000000000000C /* Release */ = {
			isa = XCBuildConfiguration;
			buildSettings = {
				ALWAYS_SEARCH_USER_PATHS = NO;
				ASSETCATALOG_COMPILER_GENERATE_SWIFT_ASSET_SYMBOL_EXTENSIONS = YES;
				CLANG_ANALYZER_NONNULL = YES;
				CLANG_ANALYZER_NUMBER_OBJECT_CONVERSION = YES_AGGRESSIVE;
				CLANG_ENABLE_MODULES = YES;
				CLANG_ENABLE_OBJC_ARC = YES;
				CLANG_ENABLE_OBJC_WEAK = YES;
				COPY_PHASE_STRIP = NO;
				DEBUG_INFORMATION_FORMAT = "dwarf-with-dsym";
				ENABLE_NS_ASSERTIONS = NO;
				ENABLE_STRICT_OBJC_MSGSEND = YES;
				ENABLE_USER_SCRIPT_SANDBOXING = YES;
				GCC_C_LANGUAGE_STANDARD = gnu17;
				GCC_NO_COMMON_BLOCKS = YES;
				LOCALIZATION_PREFERS_STRING_CATALOGS = YES;
				MACOSX_DEPLOYMENT_TARGET = 14.0;
				MTL_ENABLE_DEBUG_INFO = NO;
				MTL_FAST_MATH = YES;
				SDKROOT = macosx;
				SWIFT_COMPILATION_MODE = wholemodule;
			};
			name = Release;
		};
		AA000000000000000000000E /* Debug */ = {
			isa = XCBuildConfiguration;
			buildSettings = {
				ASSETCATALOG_COMPILER_APPICON_NAME = AppIcon;
				ASSETCATALOG_COMPILER_GLOBAL_ACCENT_COLOR_NAME = AccentColor;
				CODE_SIGN_STYLE = Automatic;
				COMBINE_HIDPI_IMAGES = YES;
				CURRENT_PROJECT_VERSION = 1;
				ENABLE_APP_SANDBOX = NO;
				ENABLE_HARDENED_RUNTIME = YES;
				ENABLE_PREVIEWS = YES;
				GENERATE_INFOPLIST_FILE = YES;
				INFOPLIST_FILE = LatexTerm/Info.plist;
				INFOPLIST_KEY_NSHumanReadableCopyright = "";
				INFOPLIST_KEY_NSMainStoryboardFile = "";
				LD_RUNPATH_SEARCH_PATHS = (
					"$(inherited)",
					"@executable_path/../Frameworks",
				);
				MARKETING_VERSION = 0.1;
				PRODUCT_BUNDLE_IDENTIFIER = com.mats.LatexTerm;
				PRODUCT_NAME = "$(TARGET_NAME)";
				SWIFT_APPROACHABLE_CONCURRENCY = YES;
				SWIFT_DEFAULT_ACTOR_ISOLATION = MainActor;
				SWIFT_EMIT_LOC_STRINGS = YES;
				SWIFT_VERSION = 5.0;
			};
			name = Debug;
		};
		AA000000000000000000000F /* Release */ = {
			isa = XCBuildConfiguration;
			buildSettings = {
				ASSETCATALOG_COMPILER_APPICON_NAME = AppIcon;
				ASSETCATALOG_COMPILER_GLOBAL_ACCENT_COLOR_NAME = AccentColor;
				CODE_SIGN_STYLE = Automatic;
				COMBINE_HIDPI_IMAGES = YES;
				CURRENT_PROJECT_VERSION = 1;
				ENABLE_APP_SANDBOX = NO;
				ENABLE_HARDENED_RUNTIME = YES;
				ENABLE_PREVIEWS = YES;
				GENERATE_INFOPLIST_FILE = YES;
				INFOPLIST_FILE = LatexTerm/Info.plist;
				INFOPLIST_KEY_NSHumanReadableCopyright = "";
				INFOPLIST_KEY_NSMainStoryboardFile = "";
				LD_RUNPATH_SEARCH_PATHS = (
					"$(inherited)",
					"@executable_path/../Frameworks",
				);
				MARKETING_VERSION = 0.1;
				PRODUCT_BUNDLE_IDENTIFIER = com.mats.LatexTerm;
				PRODUCT_NAME = "$(TARGET_NAME)";
				SWIFT_APPROACHABLE_CONCURRENCY = YES;
				SWIFT_DEFAULT_ACTOR_ISOLATION = MainActor;
				SWIFT_EMIT_LOC_STRINGS = YES;
				SWIFT_VERSION = 5.0;
			};
			name = Release;
		};
		E2459CD27AFE36111BA04678 /* Release */ = {
			isa = XCBuildConfiguration;
			buildSettings = {
				CODE_SIGNING_ALLOWED = NO;
				MACOSX_DEPLOYMENT_TARGET = 14.0;
				PRODUCT_MODULE_NAME = LatexTermCLI;
				PRODUCT_NAME = latexterm;
				SDKROOT = macosx;
				SKIP_INSTALL = YES;
				SWIFT_EMIT_LOC_STRINGS = NO;
				SWIFT_VERSION = 5.0;
			};
			name = Release;
		};
/* End XCBuildConfiguration section */

/* Begin XCConfigurationList section */
		636311459070E7E87AEF4B69 /* Build configuration list for PBXNativeTarget "LatexTermTests" */ = {
			isa = XCConfigurationList;
			buildConfigurations = (
				5BF0ADAB67E52B3AFA396175 /* Release */,
				485540E8E227B582CACD4DDE /* Debug */,
			);
			defaultConfigurationIsVisible = 0;
			defaultConfigurationName = Release;
		};
		AA000000000000000000000A /* Build configuration list for PBXProject "LatexTerm" */ = {
			isa = XCConfigurationList;
			buildConfigurations = (
				AA000000000000000000000B /* Debug */,
				AA000000000000000000000C /* Release */,
			);
			defaultConfigurationIsVisible = 0;
			defaultConfigurationName = Release;
		};
		AA000000000000000000000D /* Build configuration list for PBXNativeTarget "LatexTerm" */ = {
			isa = XCConfigurationList;
			buildConfigurations = (
				AA000000000000000000000E /* Debug */,
				AA000000000000000000000F /* Release */,
			);
			defaultConfigurationIsVisible = 0;
			defaultConfigurationName = Release;
		};
		B74045D77A203C3F67B27D33 /* Build configuration list for PBXNativeTarget "LatexTermCLI" */ = {
			isa = XCConfigurationList;
			buildConfigurations = (
				E2459CD27AFE36111BA04678 /* Release */,
				3A57500A3E6BD91D7ED4CD09 /* Debug */,
			);
			defaultConfigurationIsVisible = 0;
			defaultConfigurationName = Release;
		};
/* End XCConfigurationList section */

/* Begin XCLocalSwiftPackageReference section */
		AA00000000000000000000A0 /* XCLocalSwiftPackageReference "SwiftTermLocal" */ = {
			isa = XCLocalSwiftPackageReference;
			relativePath = SwiftTermLocal;
		};
/* End XCLocalSwiftPackageReference section */

/* Begin XCSwiftPackageProductDependency section */
		AA00000000000000000000A1 /* SwiftTerm */ = {
			isa = XCSwiftPackageProductDependency;
			package = AA00000000000000000000A0 /* XCLocalSwiftPackageReference "SwiftTermLocal" */;
			productName = SwiftTerm;
		};
/* End XCSwiftPackageProductDependency section */
	};
	rootObject = AA0000000000000000000001 /* Project object */;
}
